
Microsoft Visual Studio Solution File, Format Version 12.00
# Visual Studio 15
VisualStudioVersion = 15.0.28307.421
MinimumVisualStudioVersion = 10.0.40219.1
Project("{FAE04EC0-301F-11D3-BF4B-00C04F79EFBC}") = "10", "10.csproj", "{56A64499-E230-43B7-BA8C-D804CB1BC505}"
EndProject
Global
	GlobalSection(SolutionConfigurationPlatforms) = preSolution
		Debug|x86 = Debug|x86
		Release|x86 = Release|x86
	EndGlobalSection
	GlobalSection(ProjectConfigurationPlatforms) = postSolution
		{56A64499-E230-43B7-BA8C-D804CB1BC505}.Debug|x86.ActiveCfg = Debug|x86
		{56A64499-E230-43B7-BA8C-D804CB1BC505}.Debug|x86.Build.0 = Debug|x86
		{56A64499-E230-43B7-BA8C-D804CB1BC505}.Release|x86.ActiveCfg = Release|x86
		{56A64499-E230-43B7-BA8C-D804CB1BC505}.Release|x86.Build.0 = Release|x86
	EndGlobalSection
	GlobalSection(SolutionProperties) = preSolution
		HideSolutionNode = FALSE
	EndGlobalSection
	GlobalSection(ExtensibilityGlobals) = postSolution
		SolutionGuid = {D147C7B8-0466-4CA1-90E2-CD87E06ECE63}
	EndGlobalSection
EndGlobal
